
Microsoft Visual Studio Solution File, Format Version 12.00
# Visual Studio 15
VisualStudioVersion = 15.0.27703.2035
MinimumVisualStudioVersion = 10.0.40219.1
Project("{FAE04EC0-301F-11D3-BF4B-00C04F79EFBC}") = "PokeMart", "PokeMart\PokeMart.csproj", "{505D2ABB-E66E-487A-9B79-A4F969F80CBC}"
EndProject
Global
	GlobalSection(SolutionConfigurationPlatforms) = preSolution
		Debug|Any CPU = Debug|Any CPU
		Release|Any CPU = Release|Any CPU
	EndGlobalSection
	GlobalSection(ProjectConfigurationPlatforms) = postSolution
		{505D2ABB-E66E-487A-9B79-A4F969F80CBC}.Debug|Any CPU.ActiveCfg = Debug|Any CPU
		{505D2ABB-E66E-487A-9B79-A4F969F80CBC}.Debug|Any CPU.Build.0 = Debug|Any CPU
		{505D2ABB-E66E-487A-9B79-A4F969F80CBC}.Release|Any CPU.ActiveCfg = Release|Any CPU
		{505D2ABB-E66E-487A-9B79-A4F969F80CBC}.Release|Any CPU.Build.0 = Release|Any CPU
	EndGlobalSection
	GlobalSection(SolutionProperties) = preSolution
		HideSolutionNode = FALSE
	EndGlobalSection
	GlobalSection(ExtensibilityGlobals) = postSolution
		SolutionGuid = {1698C6A5-2742-4C57-85C9-27E2AC3C7D1E}
	EndGlobalSection
EndGlobal
